
Microsoft Visual Studio Solution File, Format Version 12.00
# Visual Studio 14
VisualStudioVersion = 14.0.25420.1
MinimumVisualStudioVersion = 10.0.40219.1
Project("{FAE04EC0-301F-11D3-BF4B-00C04F79EFBC}") = "StaticResourceDemo.Droid", "StaticResourceDemo\StaticResourceDemo.Droid\StaticResourceDemo.Droid.csproj", "{18982BC8-8AE2-441C-B5A6-B84DB502DA75}"
EndProject
Project("{FAE04EC0-301F-11D3-BF4B-00C04F79EFBC}") = "StaticResourceDemo.iOS", "StaticResourceDemo\StaticResourceDemo.iOS\StaticResourceDemo.iOS.csproj", "{5B0CCD0C-C4EE-4E4E-AC80-6CF23C6FE6C8}"
EndProject
Project("{FAE04EC0-301F-11D3-BF4B-00C04F79EFBC}") = "StaticResourceDemo.UWP", "StaticResourceDemo\StaticResourceDemo.UWP\StaticResourceDemo.UWP.csproj", "{3B255157-FE7A-4791-9AC6-A00261E7C964}"
EndProject
Project("{FAE04EC0-301F-11D3-BF4B-00C04F79EFBC}") = "StaticResourceDemo", "StaticResourceDemo\StaticResourceDemo\StaticResourceDemo.csproj", "{ECB4A13A-E74F-438F-B153-CDB8A2B166CC}"
EndProject
Global
	GlobalSection(SolutionConfigurationPlatforms) = preSolution
		Ad-Hoc|Any CPU = Ad-Hoc|Any CPU
		Ad-Hoc|ARM = Ad-Hoc|ARM
		Ad-Hoc|iPhone = Ad-Hoc|iPhone
		Ad-Hoc|iPhoneSimulator = Ad-Hoc|iPhoneSimulator
		Ad-Hoc|x64 = Ad-Hoc|x64
		Ad-Hoc|x86 = Ad-Hoc|x86
		AppStore|Any CPU = AppStore|Any CPU
		AppStore|ARM = AppStore|ARM
		AppStore|iPhone = AppStore|iPhone
		AppStore|iPhoneSimulator = AppStore|iPhoneSimulator
		AppStore|x64 = AppStore|x64
		AppStore|x86 = AppStore|x86
		Debug|Any CPU = Debug|Any CPU
		Debug|ARM = Debug|ARM
		Debug|iPhone = Debug|iPhone
		Debug|iPhoneSimulator = Debug|iPhoneSimulator
		Debug|x64 = Debug|x64
		Debug|x86 = Debug|x86
		Release|Any CPU = Release|Any CPU
		Release|ARM = Release|ARM
		Release|iPhone = Release|iPhone
		Release|iPhoneSimulator = Release|iPhoneSimulator
		Release|x64 = Release|x64
		Release|x86 = Release|x86
	EndGlobalSection
	GlobalSection(ProjectConfigurationPlatforms) = postSolution
		{18982BC8-8AE2-441C-B5A6-B84DB502DA75}.Ad-Hoc|Any CPU.ActiveCfg = Release|Any CPU
		{18982BC8-8AE2-441C-B5A6-B84DB502DA75}.Ad-Hoc|Any CPU.Build.0 = Release|Any CPU
		{18982BC8-8AE2-441C-B5A6-B84DB502DA75}.Ad-Hoc|Any CPU.Deploy.0 = Release|Any CPU
		{18982BC8-8AE2-441C-B5A6-B84DB502DA75}.Ad-Hoc|ARM.ActiveCfg = Release|Any CPU
		{18982BC8-8AE2-441C-B5A6-B84DB502DA75}.Ad-Hoc|ARM.Build.0 = Release|Any CPU
		{18982BC8-8AE2-441C-B5A6-B84DB502DA75}.Ad-Hoc|ARM.Deploy.0 = Release|Any CPU
		{18982BC8-8AE2-441C-B5A6-B84DB502DA75}.Ad-Hoc|iPhone.ActiveCfg = Release|Any CPU
		{18982BC8-8AE2-441C-B5A6-B84DB502DA75}.Ad-Hoc|iPhone.Build.0 = Release|Any CPU
		{18982BC8-8AE2-441C-B5A6-B84DB502DA75}.Ad-Hoc|iPhone.Deploy.0 = Release|Any CPU
		{18982BC8-8AE2-441C-B5A6-B84DB502DA75}.Ad-Hoc|iPhoneSimulator.ActiveCfg = Release|Any CPU
		{18982BC8-8AE2-441C-B5A6-B84DB502DA75}.Ad-Hoc|iPhoneSimulator.Build.0 = Release|Any CPU
		{18982BC8-8AE2-441C-B5A6-B84DB502DA75}.Ad-Hoc|iPhoneSimulator.Deploy.0 = Release|Any CPU
		{18982BC8-8AE2-441C-B5A6-B84DB502DA75}.Ad-Hoc|x64.ActiveCfg = Release|Any CPU
		{18982BC8-8AE2-441C-B5A6-B84DB502DA75}.Ad-Hoc|x64.Build.0 = Release|Any CPU
		{18982BC8-8AE2-441C-B5A6-B84DB502DA75}.Ad-Hoc|x64.Deploy.0 = Release|Any CPU
		{18982BC8-8AE2-441C-B5A6-B84DB502DA75}.Ad-Hoc|x86.ActiveCfg = Release|Any CPU
		{18982BC8-8AE2-441C-B5A6-B84DB502DA75}.Ad-Hoc|x86.Build.0 = Release|Any CPU
		{18982BC8-8AE2-441C-B5A6-B84DB502DA75}.Ad-Hoc|x86.Deploy.0 = Release|Any CPU
		{18982BC8-8AE2-441C-B5A6-B84DB502DA75}.AppStore|Any CPU.ActiveCfg = Release|Any CPU
		{18982BC8-8AE2-441C-B5A6-B84DB502DA75}.AppStore|Any CPU.Build.0 = Release|Any CPU
		{18982BC8-8AE2-441C-B5A6-B84DB502DA75}.AppStore|Any CPU.Deploy.0 = Release|Any CPU
		{18982BC8-8AE2-441C-B5A6-B84DB502DA75}.AppStore|ARM.ActiveCfg = Release|Any CPU
		{18982BC8-8AE2-441C-B5A6-B84DB502DA75}.AppStore|ARM.Build.0 = Release|Any CPU
		{18982BC8-8AE2-441C-B5A6-B84DB502DA75}.AppStore|ARM.Deploy.0 = Release|Any CPU
		{18982BC8-8AE2-441C-B5A6-B84DB502DA75}.AppStore|iPhone.ActiveCfg = Release|Any CPU
		{18982BC8-8AE2-441C-B5A6-B84DB502DA75}.AppStore|iPhone.Build.0 = Release|Any CPU
		{18982BC8-8AE2-441C-B5A6-B84DB502DA75}.AppStore|iPhone.Deploy.0 = Release|Any CPU
		{18982BC8-8AE2-441C-B5A6-B84DB502DA75}.AppStore|iPhoneSimulator.ActiveCfg = Release|Any CPU
		{18982BC8-8AE2-441C-B5A6-B84DB502DA75}.AppStore|iPhoneSimulator.Build.0 = Release|Any CPU
		{18982BC8-8AE2-441C-B5A6-B84DB502DA75}.AppStore|iPhoneSimulator.Deploy.0 = Release|Any CPU
		{18982BC8-8AE2-441C-B5A6-B84DB502DA75}.AppStore|x64.ActiveCfg = Release|Any CPU
		{18982BC8-8AE2-441C-B5A6-B84DB502DA75}.AppStore|x64.Build.0 = Release|Any CPU
		{18982BC8-8AE2-441C-B5A6-B84DB502DA75}.AppStore|x64.Deploy.0 = Release|Any CPU
		{18982BC8-8AE2-441C-B5A6-B84DB502DA75}.AppStore|x86.ActiveCfg = Release|Any CPU
		{18982BC8-8AE2-441C-B5A6-B84DB502DA75}.AppStore|x86.Build.0 = Release|Any CPU
		{18982BC8-8AE2-441C-B5A6-B84DB502DA75}.AppStore|x86.Deploy.0 = Release|Any CPU
		{18982BC8-8AE2-441C-B5A6-B84DB502DA75}.Debug|Any CPU.ActiveCfg = Debug|Any CPU
		{18982BC8-8AE2-441C-B5A6-B84DB502DA75}.Debug|Any CPU.Build.0 = Debug|Any CPU
		{18982BC8-8AE2-441C-B5A6-B84DB502DA75}.Debug|Any CPU.Deploy.0 = Debug|Any CPU
		{18982BC8-8AE2-441C-B5A6-B84DB502DA75}.Debug|ARM.ActiveCfg = Debug|Any CPU
		{18982BC8-8AE2-441C-B5A6-B84DB502DA75}.Debug|ARM.Build.0 = Debug|Any CPU
		{18982BC8-8AE2-441C-B5A6-B84DB502DA75}.Debug|ARM.Deploy.0 = Debug|Any CPU
		{18982BC8-8AE2-441C-B5A6-B84DB502DA75}.Debug|iPhone.ActiveCfg = Debug|Any CPU
		{18982BC8-8AE2-441C-B5A6-B84DB502DA75}.Debug|iPhone.Build.0 = Debug|Any CPU
		{18982BC8-8AE2-441C-B5A6-B84DB502DA75}.Debug|iPhone.Deploy.0 = Debug|Any CPU
		{18982BC8-8AE2-441C-B5A6-B84DB502DA75}.Debug|iPhoneSimulator.ActiveCfg = Debug|Any CPU
		{18982BC8-8AE2-441C-B5A6-B84DB502DA75}.Debug|iPhoneSimulator.Build.0 = Debug|Any CPU
		{18982BC8-8AE2-441C-B5A6-B84DB502DA75}.Debug|iPhoneSimulator.Deploy.0 = Debug|Any CPU
		{18982BC8-8AE2-441C-B5A6-B84DB502DA75}.Debug|x64.ActiveCfg = Debug|Any CPU
		{18982BC8-8AE2-441C-B5A6-B84DB502DA75}.Debug|x64.Build.0 = Debug|Any CPU
		{18982BC8-8AE2-441C-B5A6-B84DB502DA75}.Debug|x64.Deploy.0 = Debug|Any CPU
		{18982BC8-8AE2-441C-B5A6-B84DB502DA75}.Debug|x86.ActiveCfg = Debug|Any CPU
		{18982BC8-8AE2-441C-B5A6-B84DB502DA75}.Debug|x86.Build.0 = Debug|Any CPU
		{18982BC8-8AE2-441C-B5A6-B84DB502DA75}.Debug|x86.Deploy.0 = Debug|Any CPU
		{18982BC8-8AE2-441C-B5A6-B84DB502DA75}.Release|Any CPU.ActiveCfg = Release|Any CPU
		{18982BC8-8AE2-441C-B5A6-B84DB502DA75}.Release|Any CPU.Build.0 = Release|Any CPU
		{18982BC8-8AE2-441C-B5A6-B84DB502DA75}.Release|Any CPU.Deploy.0 = Release|Any CPU
		{18982BC8-8AE2-441C-B5A6-B84DB502DA75}.Release|ARM.ActiveCfg = Release|Any CPU
		{18982BC8-8AE2-441C-B5A6-B84DB502DA75}.Release|ARM.Build.0 = Release|Any CPU
		{18982BC8-8AE2-441C-B5A6-B84DB502DA75}.Release|ARM.Deploy.0 = Release|Any CPU
		{18982BC8-8AE2-441C-B5A6-B84DB502DA75}.Release|iPhone.ActiveCfg = Release|Any CPU
		{18982BC8-8AE2-441C-B5A6-B84DB502DA75}.Release|iPhone.Build.0 = Release|Any CPU
		{18982BC8-8AE2-441C-B5A6-B84DB502DA75}.Release|iPhone.Deploy.0 = Release|Any CPU
		{18982BC8-8AE2-441C-B5A6-B84DB502DA75}.Release|iPhoneSimulator.ActiveCfg = Release|Any CPU
		{18982BC8-8AE2-441C-B5A6-B84DB502DA75}.Release|iPhoneSimulator.Build.0 = Release|Any CPU
		{18982BC8-8AE2-441C-B5A6-B84DB502DA75}.Release|iPhoneSimulator.Deploy.0 = Release|Any CPU
		{18982BC8-8AE2-441C-B5A6-B84DB502DA75}.Release|x64.ActiveCfg = Release|Any CPU
		{18982BC8-8AE2-441C-B5A6-B84DB502DA75}.Release|x64.Build.0 = Release|Any CPU
		{18982BC8-8AE2-441C-B5A6-B84DB502DA75}.Release|x64.Deploy.0 = Release|Any CPU
		{18982BC8-8AE2-441C-B5A6-B84DB502DA75}.Release|x86.ActiveCfg = Release|Any CPU
		{18982BC8-8AE2-441C-B5A6-B84DB502DA75}.Release|x86.Build.0 = Release|Any CPU
		{18982BC8-8AE2-441C-B5A6-B84DB502DA75}.Release|x86.Deploy.0 = Release|Any CPU
		{5B0CCD0C-C4EE-4E4E-AC80-6CF23C6FE6C8}.Ad-Hoc|Any CPU.ActiveCfg = Ad-Hoc|iPhone
		{5B0CCD0C-C4EE-4E4E-AC80-6CF23C6FE6C8}.Ad-Hoc|ARM.ActiveCfg = Ad-Hoc|iPhone
		{5B0CCD0C-C4EE-4E4E-AC80-6CF23C6FE6C8}.Ad-Hoc|iPhone.ActiveCfg = Ad-Hoc|iPhone
		{5B0CCD0C-C4EE-4E4E-AC80-6CF23C6FE6C8}.Ad-Hoc|iPhone.Build.0 = Ad-Hoc|iPhone
		{5B0CCD0C-C4EE-4E4E-AC80-6CF23C6FE6C8}.Ad-Hoc|iPhoneSimulator.ActiveCfg = Ad-Hoc|iPhoneSimulator
		{5B0CCD0C-C4EE-4E4E-AC80-6CF23C6FE6C8}.Ad-Hoc|iPhoneSimulator.Build.0 = Ad-Hoc|iPhoneSimulator
		{5B0CCD0C-C4EE-4E4E-AC80-6CF23C6FE6C8}.Ad-Hoc|x64.ActiveCfg = Ad-Hoc|iPhone
		{5B0CCD0C-C4EE-4E4E-AC80-6CF23C6FE6C8}.Ad-Hoc|x86.ActiveCfg = Ad-Hoc|iPhone
		{5B0CCD0C-C4EE-4E4E-AC80-6CF23C6FE6C8}.AppStore|Any CPU.ActiveCfg = AppStore|iPhone
		{5B0CCD0C-C4EE-4E4E-AC80-6CF23C6FE6C8}.AppStore|ARM.ActiveCfg = AppStore|iPhone
		{5B0CCD0C-C4EE-4E4E-AC80-6CF23C6FE6C8}.AppStore|iPhone.ActiveCfg = AppStore|iPhone
		{5B0CCD0C-C4EE-4E4E-AC80-6CF23C6FE6C8}.AppStore|iPhone.Build.0 = AppStore|iPhone
		{5B0CCD0C-C4EE-4E4E-AC80-6CF23C6FE6C8}.AppStore|iPhoneSimulator.ActiveCfg = AppStore|iPhoneSimulator
		{5B0CCD0C-C4EE-4E4E-AC80-6CF23C6FE6C8}.AppStore|iPhoneSimulator.Build.0 = AppStore|iPhoneSimulator
		{5B0CCD0C-C4EE-4E4E-AC80-6CF23C6FE6C8}.AppStore|x64.ActiveCfg = AppStore|iPhone
		{5B0CCD0C-C4EE-4E4E-AC80-6CF23C6FE6C8}.AppStore|x86.ActiveCfg = AppStore|iPhone
		{5B0CCD0C-C4EE-4E4E-AC80-6CF23C6FE6C8}.Debug|Any CPU.ActiveCfg = Debug|iPhone
		{5B0CCD0C-C4EE-4E4E-AC80-6CF23C6FE6C8}.Debug|ARM.ActiveCfg = Debug|iPhone
		{5B0CCD0C-C4EE-4E4E-AC80-6CF23C6FE6C8}.Debug|iPhone.ActiveCfg = Debug|iPhone
		{5B0CCD0C-C4EE-4E4E-AC80-6CF23C6FE6C8}.Debug|iPhone.Build.0 = Debug|iPhone
		{5B0CCD0C-C4EE-4E4E-AC80-6CF23C6FE6C8}.Debug|iPhoneSimulator.ActiveCfg = Debug|iPhoneSimulator
		{5B0CCD0C-C4EE-4E4E-AC80-6CF23C6FE6C8}.Debug|iPhoneSimulator.Build.0 = Debug|iPhoneSimulator
		{5B0CCD0C-C4EE-4E4E-AC80-6CF23C6FE6C8}.Debug|x64.ActiveCfg = Debug|iPhone
		{5B0CCD0C-C4EE-4E4E-AC80-6CF23C6FE6C8}.Debug|x86.ActiveCfg = Debug|iPhone
		{5B0CCD0C-C4EE-4E4E-AC80-6CF23C6FE6C8}.Release|Any CPU.ActiveCfg = Release|iPhone
		{5B0CCD0C-C4EE-4E4E-AC80-6CF23C6FE6C8}.Release|ARM.ActiveCfg = Release|iPhone
		{5B0CCD0C-C4EE-4E4E-AC80-6CF23C6FE6C8}.Release|iPhone.ActiveCfg = Release|iPhone
		{5B0CCD0C-C4EE-4E4E-AC80-6CF23C6FE6C8}.Release|iPhone.Build.0 = Release|iPhone
		{5B0CCD0C-C4EE-4E4E-AC80-6CF23C6FE6C8}.Release|iPhoneSimulator.ActiveCfg = Release|iPhoneSimulator
		{5B0CCD0C-C4EE-4E4E-AC80-6CF23C6FE6C8}.Release|iPhoneSimulator.Build.0 = Release|iPhoneSimulator
		{5B0CCD0C-C4EE-4E4E-AC80-6CF23C6FE6C8}.Release|x64.ActiveCfg = Release|iPhone
		{5B0CCD0C-C4EE-4E4E-AC80-6CF23C6FE6C8}.Release|x86.ActiveCfg = Release|iPhone
		{3B255157-FE7A-4791-9AC6-A00261E7C964}.Ad-Hoc|Any CPU.ActiveCfg = Release|x86
		{3B255157-FE7A-4791-9AC6-A00261E7C964}.Ad-Hoc|Any CPU.Build.0 = Release|x86
		{3B255157-FE7A-4791-9AC6-A00261E7C964}.Ad-Hoc|Any CPU.Deploy.0 = Release|x86
		{3B255157-FE7A-4791-9AC6-A00261E7C964}.Ad-Hoc|ARM.ActiveCfg = Release|ARM
		{3B255157-FE7A-4791-9AC6-A00261E7C964}.Ad-Hoc|ARM.Build.0 = Release|ARM
		{3B255157-FE7A-4791-9AC6-A00261E7C964}.Ad-Hoc|ARM.Deploy.0 = Release|ARM
		{3B255157-FE7A-4791-9AC6-A00261E7C964}.Ad-Hoc|iPhone.ActiveCfg = Release|x86
		{3B255157-FE7A-4791-9AC6-A00261E7C964}.Ad-Hoc|iPhone.Build.0 = Release|x86
		{3B255157-FE7A-4791-9AC6-A00261E7C964}.Ad-Hoc|iPhone.Deploy.0 = Release|x86
		{3B255157-FE7A-4791-9AC6-A00261E7C964}.Ad-Hoc|iPhoneSimulator.ActiveCfg = Release|x86
		{3B255157-FE7A-4791-9AC6-A00261E7C964}.Ad-Hoc|iPhoneSimulator.Build.0 = Release|x86
		{3B255157-FE7A-4791-9AC6-A00261E7C964}.Ad-Hoc|iPhoneSimulator.Deploy.0 = Release|x86
		{3B255157-FE7A-4791-9AC6-A00261E7C964}.Ad-Hoc|x64.ActiveCfg = Release|x64
		{3B255157-FE7A-4791-9AC6-A00261E7C964}.Ad-Hoc|x64.Build.0 = Release|x64
		{3B255157-FE7A-4791-9AC6-A00261E7C964}.Ad-Hoc|x64.Deploy.0 = Release|x64
		{3B255157-FE7A-4791-9AC6-A00261E7C964}.Ad-Hoc|x86.ActiveCfg = Release|x86
		{3B255157-FE7A-4791-9AC6-A00261E7C964}.Ad-Hoc|x86.Build.0 = Release|x86
		{3B255157-FE7A-4791-9AC6-A00261E7C964}.Ad-Hoc|x86.Deploy.0 = Release|x86
		{3B255157-FE7A-4791-9AC6-A00261E7C964}.AppStore|Any CPU.ActiveCfg = Release|x86
		{3B255157-FE7A-4791-9AC6-A00261E7C964}.AppStore|Any CPU.Build.0 = Release|x86
		{3B255157-FE7A-4791-9AC6-A00261E7C964}.AppStore|Any CPU.Deploy.0 = Release|x86
		{3B255157-FE7A-4791-9AC6-A00261E7C964}.AppStore|ARM.ActiveCfg = Release|ARM
		{3B255157-FE7A-4791-9AC6-A00261E7C964}.AppStore|ARM.Build.0 = Release|ARM
		{3B255157-FE7A-4791-9AC6-A00261E7C964}.AppStore|ARM.Deploy.0 = Release|ARM
		{3B255157-FE7A-4791-9AC6-A00261E7C964}.AppStore|iPhone.ActiveCfg = Release|x86
		{3B255157-FE7A-4791-9AC6-A00261E7C964}.AppStore|iPhone.Build.0 = Release|x86
		{3B255157-FE7A-4791-9AC6-A00261E7C964}.AppStore|iPhone.Deploy.0 = Release|x86
		{3B255157-FE7A-4791-9AC6-A00261E7C964}.AppStore|iPhoneSimulator.ActiveCfg = Release|x86
		{3B255157-FE7A-4791-9AC6-A00261E7C964}.AppStore|iPhoneSimulator.Build.0 = Release|x86
		{3B255157-FE7A-4791-9AC6-A00261E7C964}.AppStore|iPhoneSimulator.Deploy.0 = Release|x86
		{3B255157-FE7A-4791-9AC6-A00261E7C964}.AppStore|x64.ActiveCfg = Release|x64
		{3B255157-FE7A-4791-9AC6-A00261E7C964}.AppStore|x64.Build.0 = Release|x64
		{3B255157-FE7A-4791-9AC6-A00261E7C964}.AppStore|x64.Deploy.0 = Release|x64
		{3B255157-FE7A-4791-9AC6-A00261E7C964}.AppStore|x86.ActiveCfg = Release|x86
		{3B255157-FE7A-4791-9AC6-A00261E7C964}.AppStore|x86.Build.0 = Release|x86
		{3B255157-FE7A-4791-9AC6-A00261E7C964}.AppStore|x86.Deploy.0 = Release|x86
		{3B255157-FE7A-4791-9AC6-A00261E7C964}.Debug|Any CPU.ActiveCfg = Debug|x86
		{3B255157-FE7A-4791-9AC6-A00261E7C964}.Debug|Any CPU.Build.0 = Debug|x86
		{3B255157-FE7A-4791-9AC6-A00261E7C964}.Debug|Any CPU.Deploy.0 = Debug|x86
		{3B255157-FE7A-4791-9AC6-A00261E7C964}.Debug|ARM.ActiveCfg = Debug|ARM
		{3B255157-FE7A-4791-9AC6-A00261E7C964}.Debug|ARM.Build.0 = Debug|ARM
		{3B255157-FE7A-4791-9AC6-A00261E7C964}.Debug|ARM.Deploy.0 = Debug|ARM
		{3B255157-FE7A-4791-9AC6-A00261E7C964}.Debug|iPhone.ActiveCfg = Debug|x86
		{3B255157-FE7A-4791-9AC6-A00261E7C964}.Debug|iPhoneSimulator.ActiveCfg = Debug|x86
		{3B255157-FE7A-4791-9AC6-A00261E7C964}.Debug|x64.ActiveCfg = Debug|x64
		{3B255157-FE7A-4791-9AC6-A00261E7C964}.Debug|x64.Build.0 = Debug|x64
		{3B255157-FE7A-4791-9AC6-A00261E7C964}.Debug|x64.Deploy.0 = Debug|x64
		{3B255157-FE7A-4791-9AC6-A00261E7C964}.Debug|x86.ActiveCfg = Debug|x86
		{3B255157-FE7A-4791-9AC6-A00261E7C964}.Debug|x86.Build.0 = Debug|x86
		{3B255157-FE7A-4791-9AC6-A00261E7C964}.Debug|x86.Deploy.0 = Debug|x86
		{3B255157-FE7A-4791-9AC6-A00261E7C964}.Release|Any CPU.ActiveCfg = Release|x86
		{3B255157-FE7A-4791-9AC6-A00261E7C964}.Release|ARM.ActiveCfg = Release|ARM
		{3B255157-FE7A-4791-9AC6-A00261E7C964}.Release|ARM.Build.0 = Release|ARM
		{3B255157-FE7A-4791-9AC6-A00261E7C964}.Release|ARM.Deploy.0 = Release|ARM
		{3B255157-FE7A-4791-9AC6-A00261E7C964}.Release|iPhone.ActiveCfg = Release|x86
		{3B255157-FE7A-4791-9AC6-A00261E7C964}.Release|iPhoneSimulator.ActiveCfg = Release|x86
		{3B255157-FE7A-4791-9AC6-A00261E7C964}.Release|x64.ActiveCfg = Release|x64
		{3B255157-FE7A-4791-9AC6-A00261E7C964}.Release|x64.Build.0 = Release|x64
		{3B255157-FE7A-4791-9AC6-A00261E7C964}.Release|x64.Deploy.0 = Release|x64
		{3B255157-FE7A-4791-9AC6-A00261E7C964}.Release|x86.ActiveCfg = Release|x86
		{3B255157-FE7A-4791-9AC6-A00261E7C964}.Release|x86.Build.0 = Release|x86
		{3B255157-FE7A-4791-9AC6-A00261E7C964}.Release|x86.Deploy.0 = Release|x86
		{ECB4A13A-E74F-438F-B153-CDB8A2B166CC}.Ad-Hoc|Any CPU.ActiveCfg = Release|Any CPU
		{ECB4A13A-E74F-438F-B153-CDB8A2B166CC}.Ad-Hoc|Any CPU.Build.0 = Release|Any CPU
		{ECB4A13A-E74F-438F-B153-CDB8A2B166CC}.Ad-Hoc|ARM.ActiveCfg = Release|Any CPU
		{ECB4A13A-E74F-438F-B153-CDB8A2B166CC}.Ad-Hoc|ARM.Build.0 = Release|Any CPU
		{ECB4A13A-E74F-438F-B153-CDB8A2B166CC}.Ad-Hoc|iPhone.ActiveCfg = Release|Any CPU
		{ECB4A13A-E74F-438F-B153-CDB8A2B166CC}.Ad-Hoc|iPhone.Build.0 = Release|Any CPU
		{ECB4A13A-E74F-438F-B153-CDB8A2B166CC}.Ad-Hoc|iPhoneSimulator.ActiveCfg = Release|Any CPU
		{ECB4A13A-E74F-438F-B153-CDB8A2B166CC}.Ad-Hoc|iPhoneSimulator.Build.0 = Release|Any CPU
		{ECB4A13A-E74F-438F-B153-CDB8A2B166CC}.Ad-Hoc|x64.ActiveCfg = Release|Any CPU
		{ECB4A13A-E74F-438F-B153-CDB8A2B166CC}.Ad-Hoc|x64.Build.0 = Release|Any CPU
		{ECB4A13A-E74F-438F-B153-CDB8A2B166CC}.Ad-Hoc|x86.ActiveCfg = Release|Any CPU
		{ECB4A13A-E74F-438F-B153-CDB8A2B166CC}.Ad-Hoc|x86.Build.0 = Release|Any CPU
		{ECB4A13A-E74F-438F-B153-CDB8A2B166CC}.AppStore|Any CPU.ActiveCfg = Release|Any CPU
		{ECB4A13A-E74F-438F-B153-CDB8A2B166CC}.AppStore|Any CPU.Build.0 = Release|Any CPU
		{ECB4A13A-E74F-438F-B153-CDB8A2B166CC}.AppStore|ARM.ActiveCfg = Release|Any CPU
		{ECB4A13A-E74F-438F-B153-CDB8A2B166CC}.AppStore|ARM.Build.0 = Release|Any CPU
		{ECB4A13A-E74F-438F-B153-CDB8A2B166CC}.AppStore|iPhone.ActiveCfg = Release|Any CPU
		{ECB4A13A-E74F-438F-B153-CDB8A2B166CC}.AppStore|iPhone.Build.0 = Release|Any CPU
		{ECB4A13A-E74F-438F-B153-CDB8A2B166CC}.AppStore|iPhoneSimulator.ActiveCfg = Release|Any CPU
		{ECB4A13A-E74F-438F-B153-CDB8A2B166CC}.AppStore|iPhoneSimulator.Build.0 = Release|Any CPU
		{ECB4A13A-E74F-438F-B153-CDB8A2B166CC}.AppStore|x64.ActiveCfg = Release|Any CPU
		{ECB4A13A-E74F-438F-B153-CDB8A2B166CC}.AppStore|x64.Build.0 = Release|Any CPU
		{ECB4A13A-E74F-438F-B153-CDB8A2B166CC}.AppStore|x86.ActiveCfg = Release|Any CPU
		{ECB4A13A-E74F-438F-B153-CDB8A2B166CC}.AppStore|x86.Build.0 = Release|Any CPU
		{ECB4A13A-E74F-438F-B153-CDB8A2B166CC}.Debug|Any CPU.ActiveCfg = Debug|Any CPU
		{ECB4A13A-E74F-438F-B153-CDB8A2B166CC}.Debug|Any CPU.Build.0 = Debug|Any CPU
		{ECB4A13A-E74F-438F-B153-CDB8A2B166CC}.Debug|ARM.ActiveCfg = Debug|Any CPU
		{ECB4A13A-E74F-438F-B153-CDB8A2B166CC}.Debug|ARM.Build.0 = Debug|Any CPU
		{ECB4A13A-E74F-438F-B153-CDB8A2B166CC}.Debug|iPhone.ActiveCfg = Debug|Any CPU
		{ECB4A13A-E74F-438F-B153-CDB8A2B166CC}.Debug|iPhone.Build.0 = Debug|Any CPU
		{ECB4A13A-E74F-438F-B153-CDB8A2B166CC}.Debug|iPhoneSimulator.ActiveCfg = Debug|Any CPU
		{ECB4A13A-E74F-438F-B153-CDB8A2B166CC}.Debug|iPhoneSimulator.Build.0 = Debug|Any CPU
		{ECB4A13A-E74F-438F-B153-CDB8A2B166CC}.Debug|x64.ActiveCfg = Debug|Any CPU
		{ECB4A13A-E74F-438F-B153-CDB8A2B166CC}.Debug|x64.Build.0 = Debug|Any CPU
		{ECB4A13A-E74F-438F-B153-CDB8A2B166CC}.Debug|x86.ActiveCfg = Debug|Any CPU
		{ECB4A13A-E74F-438F-B153-CDB8A2B166CC}.Debug|x86.Build.0 = Debug|Any CPU
		{ECB4A13A-E74F-438F-B153-CDB8A2B166CC}.Release|Any CPU.ActiveCfg = Release|Any CPU
		{ECB4A13A-E74F-438F-B153-CDB8A2B166CC}.Release|Any CPU.Build.0 = Release|Any CPU
		{ECB4A13A-E74F-438F-B153-CDB8A2B166CC}.Release|ARM.ActiveCfg = Release|Any CPU
		{ECB4A13A-E74F-438F-B153-CDB8A2B166CC}.Release|ARM.Build.0 = Release|Any CPU
		{ECB4A13A-E74F-438F-B153-CDB8A2B166CC}.Release|iPhone.ActiveCfg = Release|Any CPU
		{ECB4A13A-E74F-438F-B153-CDB8A2B166CC}.Release|iPhone.Build.0 = Release|Any CPU
		{ECB4A13A-E74F-438F-B153-CDB8A2B166CC}.Release|iPhoneSimulator.ActiveCfg = Release|Any CPU
		{ECB4A13A-E74F-438F-B153-CDB8A2B166CC}.Release|iPhoneSimulator.Build.0 = Release|Any CPU
		{ECB4A13A-E74F-438F-B153-CDB8A2B166CC}.Release|x64.ActiveCfg = Release|Any CPU
		{ECB4A13A-E74F-438F-B153-CDB8A2B166CC}.Release|x64.Build.0 = Release|Any CPU
		{ECB4A13A-E74F-438F-B153-CDB8A2B166CC}.Release|x86.ActiveCfg = Release|Any CPU
		{ECB4A13A-E74F-438F-B153-CDB8A2B166CC}.Release|x86.Build.0 = Release|Any CPU
	EndGlobalSection
	GlobalSection(SolutionProperties) = preSolution
		HideSolutionNode = FALSE
	EndGlobalSection
EndGlobal
